
Microsoft Visual Studio Solution File, Format Version 12.00
# Visual Studio Version 16
VisualStudioVersion = 16.0.29728.190
MinimumVisualStudioVersion = 10.0.40219.1
Project("{FAE04EC0-301F-11D3-BF4B-00C04F79EFBC}") = "Ejercicio numero 5", "Ejercicio numero 5.csproj", "{F79E5F56-EEDD-4B49-B77C-2B22EECA9639}"
EndProject
Global
	GlobalSection(SolutionConfigurationPlatforms) = preSolution
		Debug|Any CPU = Debug|Any CPU
		Release|Any CPU = Release|Any CPU
	EndGlobalSection
	GlobalSection(ProjectConfigurationPlatforms) = postSolution
		{F79E5F56-EEDD-4B49-B77C-2B22EECA9639}.Debug|Any CPU.ActiveCfg = Debug|Any CPU
		{F79E5F56-EEDD-4B49-B77C-2B22EECA9639}.Debug|Any CPU.Build.0 = Debug|Any CPU
		{F79E5F56-EEDD-4B49-B77C-2B22EECA9639}.Release|Any CPU.ActiveCfg = Release|Any CPU
		{F79E5F56-EEDD-4B49-B77C-2B22EECA9639}.Release|Any CPU.Build.0 = Release|Any CPU
	EndGlobalSection
	GlobalSection(SolutionProperties) = preSolution
		HideSolutionNode = FALSE
	EndGlobalSection
	GlobalSection(ExtensibilityGlobals) = postSolution
		SolutionGuid = {0ABE4B09-A84A-48E0-83AA-3F278266D5BF}
	EndGlobalSection
EndGlobal
