
Microsoft Visual Studio Solution File, Format Version 12.00
# Visual Studio Version 16
VisualStudioVersion = 16.0.29728.190
MinimumVisualStudioVersion = 10.0.40219.1
Project("{FAE04EC0-301F-11D3-BF4B-00C04F79EFBC}") = "Ejercicio numero 3", "Ejercicio numero 3.csproj", "{0375716D-0104-4093-A402-FBBE222073A8}"
EndProject
Global
	GlobalSection(SolutionConfigurationPlatforms) = preSolution
		Debug|Any CPU = Debug|Any CPU
		Release|Any CPU = Release|Any CPU
	EndGlobalSection
	GlobalSection(ProjectConfigurationPlatforms) = postSolution
		{0375716D-0104-4093-A402-FBBE222073A8}.Debug|Any CPU.ActiveCfg = Debug|Any CPU
		{0375716D-0104-4093-A402-FBBE222073A8}.Debug|Any CPU.Build.0 = Debug|Any CPU
		{0375716D-0104-4093-A402-FBBE222073A8}.Release|Any CPU.ActiveCfg = Release|Any CPU
		{0375716D-0104-4093-A402-FBBE222073A8}.Release|Any CPU.Build.0 = Release|Any CPU
	EndGlobalSection
	GlobalSection(SolutionProperties) = preSolution
		HideSolutionNode = FALSE
	EndGlobalSection
	GlobalSection(ExtensibilityGlobals) = postSolution
		SolutionGuid = {E9091492-E52B-4F0A-823F-A8B55BBCEC33}
	EndGlobalSection
EndGlobal
